
Microsoft Visual Studio Solution File, Format Version 12.00
# Visual Studio Version 16
VisualStudioVersion = 16.0.29306.81
MinimumVisualStudioVersion = 10.0.40219.1
Project("{FAE04EC0-301F-11D3-BF4B-00C04F79EFBC}") = "BlogPostHw", "BlogPostHw\BlogPostHw.csproj", "{65D45D68-1F19-495E-B401-A3C660CFD7FE}"
EndProject
Global
	GlobalSection(SolutionConfigurationPlatforms) = preSolution
		Debug|Any CPU = Debug|Any CPU
		Release|Any CPU = Release|Any CPU
	EndGlobalSection
	GlobalSection(ProjectConfigurationPlatforms) = postSolution
		{65D45D68-1F19-495E-B401-A3C660CFD7FE}.Debug|Any CPU.ActiveCfg = Debug|Any CPU
		{65D45D68-1F19-495E-B401-A3C660CFD7FE}.Debug|Any CPU.Build.0 = Debug|Any CPU
		{65D45D68-1F19-495E-B401-A3C660CFD7FE}.Release|Any CPU.ActiveCfg = Release|Any CPU
		{65D45D68-1F19-495E-B401-A3C660CFD7FE}.Release|Any CPU.Build.0 = Release|Any CPU
	EndGlobalSection
	GlobalSection(SolutionProperties) = preSolution
		HideSolutionNode = FALSE
	EndGlobalSection
	GlobalSection(ExtensibilityGlobals) = postSolution
		SolutionGuid = {5255F92C-A42E-4A8B-9C60-4287BEC53BF1}
	EndGlobalSection
EndGlobal
